{
  "name": "harnesson",
  "lockfileVersion": 3,
  "requires": true,
  "packages": {
    "": {
      "name": "harnesson",
      "dependencies": {
        "pnpm": "^11.0.9"
      }
    },
    "node_modules/pnpm": {
      "version": "11.0.9",
      "resolved": "https://registry.npmjs.org/pnpm/-/pnpm-11.0.9.tgz",
      "integrity": "sha512-NM6C5ngCM8+crYaFApqPgdLgYZbFqbrZiHn3QklAxoF8TkUk+304uFU87tSLl1i4668avTYAwjLEyM9zZghvOA==",
      "license": "MIT",
      "bin": {
        "pn": "bin/pnpm.mjs",
        "pnpm": "bin/pnpm.mjs",
        "pnpx": "bin/pnpx.mjs",
        "pnx": "bin/pnpx.mjs"
      },
      "engines": {
        "node": ">=22.13"
      },
      "funding": {
        "url": "https://opencollective.com/pnpm"
      }
    }
  }
}
